
Microsoft Visual Studio Solution File, Format Version 12.00
# Visual Studio Version 16
VisualStudioVersion = 16.0.30907.101
MinimumVisualStudioVersion = 10.0.40219.1
Project("{FAE04EC0-301F-11D3-BF4B-00C04F79EFBC}") = "TimeSeries.ReaderWriter", "TimeSeries.ReaderWriter\TimeSeries.ReaderWriter.csproj", "{A8AD9228-3809-41E7-8457-35A765B7BEFC}"
EndProject
Project("{FAE04EC0-301F-11D3-BF4B-00C04F79EFBC}") = "TimeSeries.Test", "TimeSeries.Test\TimeSeries.Test.csproj", "{6DD4FDA8-FA24-4B16-90D4-A49293A8C9B2}"
EndProject
Global
	GlobalSection(SolutionConfigurationPlatforms) = preSolution
		Debug|Any CPU = Debug|Any CPU
		Release|Any CPU = Release|Any CPU
	EndGlobalSection
	GlobalSection(ProjectConfigurationPlatforms) = postSolution
		{A8AD9228-3809-41E7-8457-35A765B7BEFC}.Debug|Any CPU.ActiveCfg = Debug|Any CPU
		{A8AD9228-3809-41E7-8457-35A765B7BEFC}.Debug|Any CPU.Build.0 = Debug|Any CPU
		{A8AD9228-3809-41E7-8457-35A765B7BEFC}.Release|Any CPU.ActiveCfg = Release|Any CPU
		{A8AD9228-3809-41E7-8457-35A765B7BEFC}.Release|Any CPU.Build.0 = Release|Any CPU
		{6DD4FDA8-FA24-4B16-90D4-A49293A8C9B2}.Debug|Any CPU.ActiveCfg = Debug|Any CPU
		{6DD4FDA8-FA24-4B16-90D4-A49293A8C9B2}.Debug|Any CPU.Build.0 = Debug|Any CPU
		{6DD4FDA8-FA24-4B16-90D4-A49293A8C9B2}.Release|Any CPU.ActiveCfg = Release|Any CPU
		{6DD4FDA8-FA24-4B16-90D4-A49293A8C9B2}.Release|Any CPU.Build.0 = Release|Any CPU
	EndGlobalSection
	GlobalSection(SolutionProperties) = preSolution
		HideSolutionNode = FALSE
	EndGlobalSection
	GlobalSection(ExtensibilityGlobals) = postSolution
		SolutionGuid = {40281407-2A65-45E8-A0AE-587012E50C38}
	EndGlobalSection
EndGlobal
